
Microsoft Visual Studio Solution File, Format Version 12.00
# Visual Studio Version 17
VisualStudioVersion = 17.3.32901.215
MinimumVisualStudioVersion = 10.0.40219.1
Project("{FAE04EC0-301F-11D3-BF4B-00C04F79EFBC}") = "Lecture_1", "Lecture_1\Lecture_1.csproj", "{8342FE2C-FA46-4BCC-A3C7-3E02B3D3AF32}"
EndProject
Project("{FAE04EC0-301F-11D3-BF4B-00C04F79EFBC}") = "Lecture_2", "Lecture_2\Lecture_2.csproj", "{3BEA991D-6CB0-4861-904E-EE830EFC7351}"
EndProject
Project("{FAE04EC0-301F-11D3-BF4B-00C04F79EFBC}") = "Lecture_3", "Lecture_3\Lecture_3.csproj", "{68C8616D-59FB-401A-8A13-14AD4991BE3D}"
EndProject
Project("{FAE04EC0-301F-11D3-BF4B-00C04F79EFBC}") = "Lecture_4", "Lecture_4\Lecture_4.csproj", "{10762870-F98C-4E9F-B1DA-0C2BBA7290A3}"
EndProject
Project("{FAE04EC0-301F-11D3-BF4B-00C04F79EFBC}") = "Lecture_5", "Lecture_5\Lecture_5.csproj", "{9E137390-4CBA-47F2-9CD3-7D86475363E1}"
EndProject
Project("{9A19103F-16F7-4668-BE54-9A1E7A4F7556}") = "MidtermProject", "MidtermProject\MidtermProject.csproj", "{8BD79B93-12D6-4D70-8E44-2655EEBFAAD2}"
EndProject
Project("{FAE04EC0-301F-11D3-BF4B-00C04F79EFBC}") = "Lecture_6", "Lecture_6\Lecture_6.csproj", "{015AC53C-60ED-411C-BC57-995D24E1C72B}"
EndProject
Project("{FAE04EC0-301F-11D3-BF4B-00C04F79EFBC}") = "Lecture_7", "Lecture_7\Lecture_7.csproj", "{FF389C53-75DB-4907-A1FD-844563A732E5}"
EndProject
Project("{FAE04EC0-301F-11D3-BF4B-00C04F79EFBC}") = "Classwork", "Classwork\Classwork.csproj", "{F09F52CF-168E-46B6-A87C-212C274838F1}"
EndProject
Project("{FAE04EC0-301F-11D3-BF4B-00C04F79EFBC}") = "Lecture_10", "Lecture_10\Lecture_10.csproj", "{55B99257-E24F-4C8D-972D-2EB3FBAA5C94}"
EndProject
Project("{FAE04EC0-301F-11D3-BF4B-00C04F79EFBC}") = "Classwork_2", "Classwork_2\Classwork_2.csproj", "{90277EEB-E8E5-44C6-94C4-F3A13F792B3E}"
EndProject
Project("{FAE04EC0-301F-11D3-BF4B-00C04F79EFBC}") = "Homeworkk_2", "Homeworkk_2\Homeworkk_2.csproj", "{F90D80A4-70F1-475E-A9B5-8EAEEA1B3853}"
EndProject
Global
	GlobalSection(SolutionConfigurationPlatforms) = preSolution
		Debug|Any CPU = Debug|Any CPU
		Release|Any CPU = Release|Any CPU
	EndGlobalSection
	GlobalSection(ProjectConfigurationPlatforms) = postSolution
		{8342FE2C-FA46-4BCC-A3C7-3E02B3D3AF32}.Debug|Any CPU.ActiveCfg = Debug|Any CPU
		{8342FE2C-FA46-4BCC-A3C7-3E02B3D3AF32}.Debug|Any CPU.Build.0 = Debug|Any CPU
		{8342FE2C-FA46-4BCC-A3C7-3E02B3D3AF32}.Release|Any CPU.ActiveCfg = Release|Any CPU
		{8342FE2C-FA46-4BCC-A3C7-3E02B3D3AF32}.Release|Any CPU.Build.0 = Release|Any CPU
		{3BEA991D-6CB0-4861-904E-EE830EFC7351}.Debug|Any CPU.ActiveCfg = Debug|Any CPU
		{3BEA991D-6CB0-4861-904E-EE830EFC7351}.Debug|Any CPU.Build.0 = Debug|Any CPU
		{3BEA991D-6CB0-4861-904E-EE830EFC7351}.Release|Any CPU.ActiveCfg = Release|Any CPU
		{3BEA991D-6CB0-4861-904E-EE830EFC7351}.Release|Any CPU.Build.0 = Release|Any CPU
		{68C8616D-59FB-401A-8A13-14AD4991BE3D}.Debug|Any CPU.ActiveCfg = Debug|Any CPU
		{68C8616D-59FB-401A-8A13-14AD4991BE3D}.Debug|Any CPU.Build.0 = Debug|Any CPU
		{68C8616D-59FB-401A-8A13-14AD4991BE3D}.Release|Any CPU.ActiveCfg = Release|Any CPU
		{68C8616D-59FB-401A-8A13-14AD4991BE3D}.Release|Any CPU.Build.0 = Release|Any CPU
		{10762870-F98C-4E9F-B1DA-0C2BBA7290A3}.Debug|Any CPU.ActiveCfg = Debug|Any CPU
		{10762870-F98C-4E9F-B1DA-0C2BBA7290A3}.Debug|Any CPU.Build.0 = Debug|Any CPU
		{10762870-F98C-4E9F-B1DA-0C2BBA7290A3}.Release|Any CPU.ActiveCfg = Release|Any CPU
		{10762870-F98C-4E9F-B1DA-0C2BBA7290A3}.Release|Any CPU.Build.0 = Release|Any CPU
		{9E137390-4CBA-47F2-9CD3-7D86475363E1}.Debug|Any CPU.ActiveCfg = Debug|Any CPU
		{9E137390-4CBA-47F2-9CD3-7D86475363E1}.Debug|Any CPU.Build.0 = Debug|Any CPU
		{9E137390-4CBA-47F2-9CD3-7D86475363E1}.Release|Any CPU.ActiveCfg = Release|Any CPU
		{9E137390-4CBA-47F2-9CD3-7D86475363E1}.Release|Any CPU.Build.0 = Release|Any CPU
		{8BD79B93-12D6-4D70-8E44-2655EEBFAAD2}.Debug|Any CPU.ActiveCfg = Debug|Any CPU
		{8BD79B93-12D6-4D70-8E44-2655EEBFAAD2}.Debug|Any CPU.Build.0 = Debug|Any CPU
		{8BD79B93-12D6-4D70-8E44-2655EEBFAAD2}.Release|Any CPU.ActiveCfg = Release|Any CPU
		{8BD79B93-12D6-4D70-8E44-2655EEBFAAD2}.Release|Any CPU.Build.0 = Release|Any CPU
		{015AC53C-60ED-411C-BC57-995D24E1C72B}.Debug|Any CPU.ActiveCfg = Debug|Any CPU
		{015AC53C-60ED-411C-BC57-995D24E1C72B}.Debug|Any CPU.Build.0 = Debug|Any CPU
		{015AC53C-60ED-411C-BC57-995D24E1C72B}.Release|Any CPU.ActiveCfg = Release|Any CPU
		{015AC53C-60ED-411C-BC57-995D24E1C72B}.Release|Any CPU.Build.0 = Release|Any CPU
		{FF389C53-75DB-4907-A1FD-844563A732E5}.Debug|Any CPU.ActiveCfg = Debug|Any CPU
		{FF389C53-75DB-4907-A1FD-844563A732E5}.Debug|Any CPU.Build.0 = Debug|Any CPU
		{FF389C53-75DB-4907-A1FD-844563A732E5}.Release|Any CPU.ActiveCfg = Release|Any CPU
		{FF389C53-75DB-4907-A1FD-844563A732E5}.Release|Any CPU.Build.0 = Release|Any CPU
		{F09F52CF-168E-46B6-A87C-212C274838F1}.Debug|Any CPU.ActiveCfg = Debug|Any CPU
		{F09F52CF-168E-46B6-A87C-212C274838F1}.Debug|Any CPU.Build.0 = Debug|Any CPU
		{F09F52CF-168E-46B6-A87C-212C274838F1}.Release|Any CPU.ActiveCfg = Release|Any CPU
		{F09F52CF-168E-46B6-A87C-212C274838F1}.Release|Any CPU.Build.0 = Release|Any CPU
		{55B99257-E24F-4C8D-972D-2EB3FBAA5C94}.Debug|Any CPU.ActiveCfg = Debug|Any CPU
		{55B99257-E24F-4C8D-972D-2EB3FBAA5C94}.Debug|Any CPU.Build.0 = Debug|Any CPU
		{55B99257-E24F-4C8D-972D-2EB3FBAA5C94}.Release|Any CPU.ActiveCfg = Release|Any CPU
		{55B99257-E24F-4C8D-972D-2EB3FBAA5C94}.Release|Any CPU.Build.0 = Release|Any CPU
		{90277EEB-E8E5-44C6-94C4-F3A13F792B3E}.Debug|Any CPU.ActiveCfg = Debug|Any CPU
		{90277EEB-E8E5-44C6-94C4-F3A13F792B3E}.Debug|Any CPU.Build.0 = Debug|Any CPU
		{90277EEB-E8E5-44C6-94C4-F3A13F792B3E}.Release|Any CPU.ActiveCfg = Release|Any CPU
		{90277EEB-E8E5-44C6-94C4-F3A13F792B3E}.Release|Any CPU.Build.0 = Release|Any CPU
		{F90D80A4-70F1-475E-A9B5-8EAEEA1B3853}.Debug|Any CPU.ActiveCfg = Debug|Any CPU
		{F90D80A4-70F1-475E-A9B5-8EAEEA1B3853}.Debug|Any CPU.Build.0 = Debug|Any CPU
		{F90D80A4-70F1-475E-A9B5-8EAEEA1B3853}.Release|Any CPU.ActiveCfg = Release|Any CPU
		{F90D80A4-70F1-475E-A9B5-8EAEEA1B3853}.Release|Any CPU.Build.0 = Release|Any CPU
	EndGlobalSection
	GlobalSection(SolutionProperties) = preSolution
		HideSolutionNode = FALSE
	EndGlobalSection
	GlobalSection(ExtensibilityGlobals) = postSolution
		SolutionGuid = {578CB03E-70A7-48A0-90FA-A0600CBA8C1F}
	EndGlobalSection
EndGlobal
